{
    "_readme": [
        "This file locks the dependencies of your project to a known state",
        "Read more about it at http://getcomposer.org/doc/01-basic-usage.md#composer-lock-the-lock-file"
    ],
    "hash": "37cc81c3daf8e18c20cef60591f053b8",
    "packages": [
        {
            "name": "clue/socket-raw",
            "version": "v0.1.2",
            "source": {
                "type": "git",
                "url": "https://github.com/clue/socket-raw.git",
                "reference": "0b5f6b4c5fe0f5512213abe0b7385fd624a22e6b"
            },
            "dist": {
                "type": "zip",
                "url": "https://api.github.com/repos/clue/socket-raw/zipball/0b5f6b4c5fe0f5512213abe0b7385fd624a22e6b",
                "reference": "0b5f6b4c5fe0f5512213abe0b7385fd624a22e6b",
                "shasum": ""
            },
            "require": {
                "ext-sockets": "*",
                "php": ">=5.3"
            },
            "type": "library",
            "autoload": {
                "psr-0": {
                    "Socket": ""
                }
            },
            "notification-url": "https://packagist.org/downloads/",
            "license": [
                "MIT"
            ],
            "description": "Simple and lightweight OOP wrapper for PHP's low level sockets extension (ext-sockets)",
            "homepage": "https://github.com/clue/socket-raw",
            "keywords": [
                "Socket",
                "client",
                "datagram",
                "dgram",
                "icmp",
                "ipv6",
                "server",
                "stream",
                "tcp",
                "udg",
                "udp",
                "unix"
            ],
            "time": "2013-05-09 09:16:48"
        }
    ],
    "packages-dev": [

    ],
    "aliases": [

    ],
    "minimum-stability": "dev",
    "stability-flags": [

    ],
    "platform": {
        "php": ">=5.3"
    },
    "platform-dev": [

    ]
}
